<?xml version="1.0" encoding="utf-8"?>
<Project ToolsVersion="4.0" xmlns="http://schemas.microsoft.com/developer/msbuild/2003">
  <ItemGroup>
    <Filter Include="Source Files">
      <UniqueIdentifier>{4FC737F1-C7A5-4376-A066-2A32D752A2FF}</UniqueIdentifier>
      <Extensions>cpp;c;cc;cxx;def;odl;idl;hpj;bat;asm;asmx</Extensions>
    </Filter>
    <Filter Include="Header Files">
      <UniqueIdentifier>{93995380-89BD-4b04-88EB-625FBE52EBFB}</UniqueIdentifier>
      <Extensions>h;hh;hpp;hxx;hm;inl;inc;xsd</Extensions>
    </Filter>
    <Filter Include="Resource Files">
      <UniqueIdentifier>{67DA6AB6-F800-4c08-8B7A-83BB121AAD01}</UniqueIdentifier>
      <Extensions>rc;ico;cur;bmp;dlg;rc2;rct;bin;rgs;gif;jpg;jpeg;jpe;resx;tiff;tif;png;wav;mfcribbon-ms</Extensions>
    </Filter>
    <Filter Include="Header Files\Structures">
      <UniqueIdentifier>{14a1900e-54b0-428d-9537-e2ec845eeabf}</UniqueIdentifier>
    </Filter>
    <Filter Include="Header Files\Common">
      <UniqueIdentifier>{8f678730-bdc9-43ef-968d-c73c9f62aed1}</UniqueIdentifier>
    </Filter>
    <Filter Include="Source Files\Common">
      <UniqueIdentifier>{980b4e40-58d8-488a-8a23-0d30a36096aa}</UniqueIdentifier>
    </Filter>
  </ItemGroup>
  <ItemGroup>
    <ClInclude Include="stdafx.h">
      <Filter>Header Files</Filter>
    </ClInclude>
    <ClInclude Include="targetver.h">
      <Filter>Header Files</Filter>
    </ClInclude>
    <ClInclude Include="Vector3.h">
      <Filter>Header Files\Structures</Filter>
    </ClInclude>
    <ClInclude Include="SimulationManager.h">
      <Filter>Header Files</Filter>
    </ClInclude>
    <ClInclude Include="SpringStructure.h">
      <Filter>Header Files\Structures</Filter>
    </ClInclude>
    <ClInclude Include="HighResolutionTimer.h">
      <Filter>Header Files\Common</Filter>
    </ClInclude>
    <ClInclude Include="BufferIndex.h">
      <Filter>Header Files\Common</Filter>
    </ClInclude>
    <ClInclude Include="BufferChunk.h">
      <Filter>Header Files\Common</Filter>
    </ClInclude>
    <ClInclude Include="SimulationSettings.h">
      <Filter>Header Files\Structures</Filter>
    </ClInclude>
    <ClInclude Include="Pair.h">
      <Filter>Header Files\Common</Filter>
    </ClInclude>
    <ClInclude Include="Type.h">
      <Filter>Header Files\Common</Filter>
    </ClInclude>
    <ClInclude Include="Bead.h">
      <Filter>Header Files\Structures</Filter>
    </ClInclude>
    <ClInclude Include="BeadInfo.h">
      <Filter>Header Files\Structures</Filter>
    </ClInclude>
    <ClInclude Include="AngleBond.h">
      <Filter>Header Files\Structures</Filter>
    </ClInclude>
    <ClInclude Include="log_stream.h">
      <Filter>Header Files</Filter>
    </ClInclude>
    <ClInclude Include="OpenclManager.h">
      <Filter>Header Files</Filter>
    </ClInclude>
    <ClInclude Include="TextParser.h">
      <Filter>Header Files</Filter>
    </ClInclude>
  </ItemGroup>
  <ItemGroup>
    <ClCompile Include="stdafx.cpp">
      <Filter>Source Files</Filter>
    </ClCompile>
    <ClCompile Include="SimulationManager.cpp">
      <Filter>Source Files</Filter>
    </ClCompile>
    <ClCompile Include="BufferIndex.cpp">
      <Filter>Source Files\Common</Filter>
    </ClCompile>
    <ClCompile Include="OpenclManager.cpp">
      <Filter>Source Files</Filter>
    </ClCompile>
    <ClCompile Include="FibreNet.cpp">
      <Filter>Source Files</Filter>
    </ClCompile>
  </ItemGroup>
  <ItemGroup>
    <None Include="kernel.cl">
      <Filter>Header Files</Filter>
    </None>
  </ItemGroup>
</Project>